{
  "object": {
    "pins": [
      {
        "package": "FeedKit",
        "repositoryURL": "https://github.com/nmdias/FeedKit.git",
        "state": {
          "branch": null,
          "revision": "953754ec46151834055ef3e847d3453fb335c708",
          "version": "7.1.0"
        }
      }
    ]
  },
  "version": 1
}
