{
  "object": {
    "pins": [
      {
        "package": "FeedKit",
        "repositoryURL": "https://github.com/nmdias/FeedKit.git",
        "state": {
          "branch": null,
          "revision": "c16806ce08053f5223ab7ec5ea0c8cbaa2a2b853",
          "version": "8.0.0"
        }
      }
    ]
  },
  "version": 1
}
